[{<<"certifi">>,{pkg,<<"certifi">>,<<"1.0.0">>},1},
 {<<"cowboy">>,
  {git,"https://github.com/ninenines/cowboy.git",
       {ref,"d8cdd9bd15e76dca3014f6f76c0ab6666b1dbda3"}},
  0},
 {<<"cowlib">>,
  {git,"https://github.com/ninenines/cowlib",
       {ref,"07cde7c6def6eeed0174b270229e7d5175673d87"}},
  1},
 {<<"general">>,
  {git,"https://github.com/Moymer/Moymer-Services-Hub.git",
       {ref,"96028d7584ebe1e0dc2039027c79af2be19b2e96"}},
  0},
 {<<"hackney">>,
  {git,"https://github.com/benoitc/hackney.git",
       {ref,"c3f5fe7404ad01ae3e757afff7dd2c1bf578f655"}},
  0},
 {<<"idna">>,{pkg,<<"idna">>,<<"4.0.0">>},1},
 {<<"json_rec">>,
  {git,"https://github.com/justinkirby/json_rec.git",
       {ref,"8c72324e0f6fca8534ca733f8af03d4808f7e3be"}},
  0},
 {<<"jsx">>,
  {git,"https://github.com/talentdeficit/jsx.git",
       {ref,"d4b6d3dc5fd9e759ff7a0c476654ea5124f5bae9"}},
  0},
 {<<"metrics">>,{pkg,<<"metrics">>,<<"1.0.1">>},1},
 {<<"mimerl">>,{pkg,<<"mimerl">>,<<"1.0.2">>},1},
 {<<"parse_trans">>,
  {git,"https://github.com/uwiger/parse_trans.git",
       {ref,"6f3645afb43c7c57d61b54ef59aecab288ce1013"}},
  1},
 {<<"ranch">>,
  {git,"https://github.com/ninenines/ranch",
       {ref,"40809cd2b257a8a53bcb5588ecaa88cc5381ff5c"}},
  1},
 {<<"rec2json">>,
  {git,"https://github.com/lordnull/rec2json.git",
       {ref,"2b2b41708cf7d7c3514abe5f6b24c133c17c289d"}},
  0},
 {<<"ssl_verify_fun">>,{pkg,<<"ssl_verify_fun">>,<<"1.1.1">>},1}].
